
Microsoft Visual Studio Solution File, Format Version 12.00
# Visual Studio Version 16
VisualStudioVersion = 16.0.29728.190
MinimumVisualStudioVersion = 10.0.40219.1
Project("{FAE04EC0-301F-11D3-BF4B-00C04F79EFBC}") = "SelfCertification", "SelfCertification\SelfCertification.csproj", "{48BBBDCF-8D01-41E9-9F22-92FCA07D34C0}"
EndProject
Project("{FAE04EC0-301F-11D3-BF4B-00C04F79EFBC}") = "CertificationChecker", "CertificationChecker\CertificationChecker.csproj", "{1515B9E6-1767-44C7-BA99-6FE44AF91182}"
EndProject
Global
	GlobalSection(SolutionConfigurationPlatforms) = preSolution
		Debug|Any CPU = Debug|Any CPU
		Release|Any CPU = Release|Any CPU
	EndGlobalSection
	GlobalSection(ProjectConfigurationPlatforms) = postSolution
		{48BBBDCF-8D01-41E9-9F22-92FCA07D34C0}.Debug|Any CPU.ActiveCfg = Debug|Any CPU
		{48BBBDCF-8D01-41E9-9F22-92FCA07D34C0}.Debug|Any CPU.Build.0 = Debug|Any CPU
		{48BBBDCF-8D01-41E9-9F22-92FCA07D34C0}.Release|Any CPU.ActiveCfg = Release|Any CPU
		{48BBBDCF-8D01-41E9-9F22-92FCA07D34C0}.Release|Any CPU.Build.0 = Release|Any CPU
		{1515B9E6-1767-44C7-BA99-6FE44AF91182}.Debug|Any CPU.ActiveCfg = Debug|Any CPU
		{1515B9E6-1767-44C7-BA99-6FE44AF91182}.Debug|Any CPU.Build.0 = Debug|Any CPU
		{1515B9E6-1767-44C7-BA99-6FE44AF91182}.Release|Any CPU.ActiveCfg = Release|Any CPU
		{1515B9E6-1767-44C7-BA99-6FE44AF91182}.Release|Any CPU.Build.0 = Release|Any CPU
	EndGlobalSection
	GlobalSection(SolutionProperties) = preSolution
		HideSolutionNode = FALSE
	EndGlobalSection
	GlobalSection(ExtensibilityGlobals) = postSolution
		SolutionGuid = {E83F6066-931B-4294-A8BD-0E183215815E}
	EndGlobalSection
EndGlobal
